// !$*UTF8*$!
{
	archiveVersion = 1;
	classes = {
	};
	objectVersion = 56;
	objects = {

/* Begin PBXBuildFile section */
		E97C7D7B2A82968F00546798 /* realDataFile.json in Resources */ = {isa = PBXBuildFile; fileRef = E97C7D7A2A82968F00546798 /* realDataFile.json */; };
		E981E5BA2A80271900A4770A /* PokeDexApp.swift in Sources */ = {isa = PBXBuildFile; fileRef = E981E5B92A80271900A4770A /* PokeDexApp.swift */; };
		E981E5BC2A80271900A4770A /* ContentView.swift in Sources */ = {isa = PBXBuildFile; fileRef = E981E5BB2A80271900A4770A /* ContentView.swift */; };
		E981E5BE2A80271A00A4770A /* Assets.xcassets in Resources */ = {isa = PBXBuildFile; fileRef = E981E5BD2A80271A00A4770A /* Assets.xcassets */; };
		E981E5C12A80271A00A4770A /* Preview Assets.xcassets in Resources */ = {isa = PBXBuildFile; fileRef = E981E5C02A80271A00A4770A /* Preview Assets.xcassets */; };
		E981E5CB2A80271A00A4770A /* PokeDexTests.swift in Sources */ = {isa = PBXBuildFile; fileRef = E981E5CA2A80271A00A4770A /* PokeDexTests.swift */; };
		E981E5D52A80271A00A4770A /* PokeDexUITests.swift in Sources */ = {isa = PBXBuildFile; fileRef = E981E5D42A80271A00A4770A /* PokeDexUITests.swift */; };
		E981E5D72A80271A00A4770A /* PokeDexUITestsLaunchTests.swift in Sources */ = {isa = PBXBuildFile; fileRef = E981E5D62A80271A00A4770A /* PokeDexUITestsLaunchTests.swift */; };
		E981E5E52A80272F00A4770A /* PokeDex_Challenge in Resources */ = {isa = PBXBuildFile; fileRef = E981E5E32A80272F00A4770A /* PokeDex_Challenge */; };
		E981E5E62A80272F00A4770A /* ExpectedView.png in Resources */ = {isa = PBXBuildFile; fileRef = E981E5E42A80272F00A4770A /* ExpectedView.png */; };
		E981E5EB2A80281E00A4770A /* PokeDexResponse.swift in Sources */ = {isa = PBXBuildFile; fileRef = E981E5EA2A80281E00A4770A /* PokeDexResponse.swift */; };
		E981E5ED2A80283200A4770A /* PokeDexViewModel.swift in Sources */ = {isa = PBXBuildFile; fileRef = E981E5EC2A80283200A4770A /* PokeDexViewModel.swift */; };
		E981E5EF2A80284400A4770A /* PokeDexService.swift in Sources */ = {isa = PBXBuildFile; fileRef = E981E5EE2A80284400A4770A /* PokeDexService.swift */; };
/* End PBXBuildFile section */

/* Begin PBXContainerItemProxy section */
		E981E5C72A80271A00A4770A /* PBXContainerItemProxy */ = {
			isa = PBXContainerItemProxy;
			containerPortal = E981E5AE2A80271900A4770A /* Project object */;
			proxyType = 1;
			remoteGlobalIDString = E981E5B52A80271900A4770A;
			remoteInfo = PokeDex;
		};
		E981E5D12A80271A00A4770A /* PBXContainerItemProxy */ = {
			isa = PBXContainerItemProxy;
			containerPortal = E981E5AE2A80271900A4770A /* Project object */;
			proxyType = 1;
			remoteGlobalIDString = E981E5B52A80271900A4770A;
			remoteInfo = PokeDex;
		};
/* End PBXContainerItemProxy section */

/* Begin PBXFileReference section */
		E97C7D7A2A82968F00546798 /* realDataFile.json */ = {isa = PBXFileReference; fileEncoding = 4; lastKnownFileType = text.json; path = realDataFile.json; sourceTree = "<group>"; };
		E981E5B62A80271900A4770A /* PokeDex.app */ = {isa = PBXFileReference; explicitFileType = wrapper.application; includeInIndex = 0; path = PokeDex.app; sourceTree = BUILT_PRODUCTS_DIR; };
		E981E5B92A80271900A4770A /* PokeDexApp.swift */ = {isa = PBXFileReference; lastKnownFileType = sourcecode.swift; path = PokeDexApp.swift; sourceTree = "<group>"; };
		E981E5BB2A80271900A4770A /* ContentView.swift */ = {isa = PBXFileReference; lastKnownFileType = sourcecode.swift; path = ContentView.swift; sourceTree = "<group>"; };
		E981E5BD2A80271A00A4770A /* Assets.xcassets */ = {isa = PBXFileReference; lastKnownFileType = folder.assetcatalog; path = Assets.xcassets; sourceTree = "<group>"; };
		E981E5C02A80271A00A4770A /* Preview Assets.xcassets */ = {isa = PBXFileReference; lastKnownFileType = folder.assetcatalog; path = "Preview Assets.xcassets"; sourceTree = "<group>"; };
		E981E5C62A80271A00A4770A /* PokeDexTests.xctest */ = {isa = PBXFileReference; explicitFileType = wrapper.cfbundle; includeInIndex = 0; path = PokeDexTests.xctest; sourceTree = BUILT_PRODUCTS_DIR; };
		E981E5CA2A80271A00A4770A /* PokeDexTests.swift */ = {isa = PBXFileReference; lastKnownFileType = sourcecode.swift; path = PokeDexTests.swift; sourceTree = "<group>"; };
		E981E5D02A80271A00A4770A /* PokeDexUITests.xctest */ = {isa = PBXFileReference; explicitFileType = wrapper.cfbundle; includeInIndex = 0; path = PokeDexUITests.xctest; sourceTree = BUILT_PRODUCTS_DIR; };
		E981E5D42A80271A00A4770A /* PokeDexUITests.swift */ = {isa = PBXFileReference; lastKnownFileType = sourcecode.swift; path = PokeDexUITests.swift; sourceTree = "<group>"; };
		E981E5D62A80271A00A4770A /* PokeDexUITestsLaunchTests.swift */ = {isa = PBXFileReference; lastKnownFileType = sourcecode.swift; path = PokeDexUITestsLaunchTests.swift; sourceTree = "<group>"; };
		E981E5E32A80272F00A4770A /* PokeDex_Challenge */ = {isa = PBXFileReference; fileEncoding = 4; lastKnownFileType = text; path = PokeDex_Challenge; sourceTree = "<group>"; };
		E981E5E42A80272F00A4770A /* ExpectedView.png */ = {isa = PBXFileReference; lastKnownFileType = image.png; path = ExpectedView.png; sourceTree = "<group>"; };
		E981E5EA2A80281E00A4770A /* PokeDexResponse.swift */ = {isa = PBXFileReference; lastKnownFileType = sourcecode.swift; path = PokeDexResponse.swift; sourceTree = "<group>"; };
		E981E5EC2A80283200A4770A /* PokeDexViewModel.swift */ = {isa = PBXFileReference; lastKnownFileType = sourcecode.swift; path = PokeDexViewModel.swift; sourceTree = "<group>"; };
		E981E5EE2A80284400A4770A /* PokeDexService.swift */ = {isa = PBXFileReference; lastKnownFileType = sourcecode.swift; path = PokeDexService.swift; sourceTree = "<group>"; };
/* End PBXFileReference section */

/* Begin PBXFrameworksBuildPhase section */
		E981E5B32A80271900A4770A /* Frameworks */ = {
			isa = PBXFrameworksBuildPhase;
			buildActionMask = 2147483647;
			files = (
			);
			runOnlyForDeploymentPostprocessing = 0;
		};
		E981E5C32A80271A00A4770A /* Frameworks */ = {
			isa = PBXFrameworksBuildPhase;
			buildActionMask = 2147483647;
			files = (
			);
			runOnlyForDeploymentPostprocessing = 0;
		};
		E981E5CD2A80271A00A4770A /* Frameworks */ = {
			isa = PBXFrameworksBuildPhase;
			buildActionMask = 2147483647;
			files = (
			);
			runOnlyForDeploymentPostprocessing = 0;
		};
/* End PBXFrameworksBuildPhase section */

/* Begin PBXGroup section */
		E981E5AD2A80271900A4770A = {
			isa = PBXGroup;
			children = (
				E981E5B82A80271900A4770A /* PokeDex */,
				E981E5C92A80271A00A4770A /* PokeDexTests */,
				E981E5D32A80271A00A4770A /* PokeDexUITests */,
				E981E5B72A80271900A4770A /* Products */,
			);
			sourceTree = "<group>";
		};
		E981E5B72A80271900A4770A /* Products */ = {
			isa = PBXGroup;
			children = (
				E981E5B62A80271900A4770A /* PokeDex.app */,
				E981E5C62A80271A00A4770A /* PokeDexTests.xctest */,
				E981E5D02A80271A00A4770A /* PokeDexUITests.xctest */,
			);
			name = Products;
			sourceTree = "<group>";
		};
		E981E5B82A80271900A4770A /* PokeDex */ = {
			isa = PBXGroup;
			children = (
				E981E5B92A80271900A4770A /* PokeDexApp.swift */,
				E981E5E42A80272F00A4770A /* ExpectedView.png */,
				E981E5E32A80272F00A4770A /* PokeDex_Challenge */,
				E981E5E92A8027B800A4770A /* Model */,
				E981E5E82A8027AB00A4770A /* Network */,
				E981E5E72A80279C00A4770A /* Views */,
				E981E5BD2A80271A00A4770A /* Assets.xcassets */,
				E981E5BF2A80271A00A4770A /* Preview Content */,
			);
			path = PokeDex;
			sourceTree = "<group>";
		};
		E981E5BF2A80271A00A4770A /* Preview Content */ = {
			isa = PBXGroup;
			children = (
				E981E5C02A80271A00A4770A /* Preview Assets.xcassets */,
			);
			path = "Preview Content";
			sourceTree = "<group>";
		};
		E981E5C92A80271A00A4770A /* PokeDexTests */ = {
			isa = PBXGroup;
			children = (
				E97C7D7A2A82968F00546798 /* realDataFile.json */,
				E981E5CA2A80271A00A4770A /* PokeDexTests.swift */,
			);
			path = PokeDexTests;
			sourceTree = "<group>";
		};
		E981E5D32A80271A00A4770A /* PokeDexUITests */ = {
			isa = PBXGroup;
			children = (
				E981E5D42A80271A00A4770A /* PokeDexUITests.swift */,
				E981E5D62A80271A00A4770A /* PokeDexUITestsLaunchTests.swift */,
			);
			path = PokeDexUITests;
			sourceTree = "<group>";
		};
		E981E5E72A80279C00A4770A /* Views */ = {
			isa = PBXGroup;
			children = (
				E981E5BB2A80271900A4770A /* ContentView.swift */,
			);
			path = Views;
			sourceTree = "<group>";
		};
		E981E5E82A8027AB00A4770A /* Network */ = {
			isa = PBXGroup;
			children = (
				E981E5EE2A80284400A4770A /* PokeDexService.swift */,
			);
			path = Network;
			sourceTree = "<group>";
		};
		E981E5E92A8027B800A4770A /* Model */ = {
			isa = PBXGroup;
			children = (
				E981E5EA2A80281E00A4770A /* PokeDexResponse.swift */,
				E981E5EC2A80283200A4770A /* PokeDexViewModel.swift */,
			);
			path = Model;
			sourceTree = "<group>";
		};
/* End PBXGroup section */

/* Begin PBXNativeTarget section */
		E981E5B52A80271900A4770A /* PokeDex */ = {
			isa = PBXNativeTarget;
			buildConfigurationList = E981E5DA2A80271A00A4770A /* Build configuration list for PBXNativeTarget "PokeDex" */;
			buildPhases = (
				E981E5B22A80271900A4770A /* Sources */,
				E981E5B32A80271900A4770A /* Frameworks */,
				E981E5B42A80271900A4770A /* Resources */,
			);
			buildRules = (
			);
			dependencies = (
			);
			name = PokeDex;
			productName = PokeDex;
			productReference = E981E5B62A80271900A4770A /* PokeDex.app */;
			productType = "com.apple.product-type.application";
		};
		E981E5C52A80271A00A4770A /* PokeDexTests */ = {
			isa = PBXNativeTarget;
			buildConfigurationList = E981E5DD2A80271A00A4770A /* Build configuration list for PBXNativeTarget "PokeDexTests" */;
			buildPhases = (
				E981E5C22A80271A00A4770A /* Sources */,
				E981E5C32A80271A00A4770A /* Frameworks */,
				E981E5C42A80271A00A4770A /* Resources */,
			);
			buildRules = (
			);
			dependencies = (
				E981E5C82A80271A00A4770A /* PBXTargetDependency */,
			);
			name = PokeDexTests;
			productName = PokeDexTests;
			productReference = E981E5C62A80271A00A4770A /* PokeDexTests.xctest */;
			productType = "com.apple.product-type.bundle.unit-test";
		};
		E981E5CF2A80271A00A4770A /* PokeDexUITests */ = {
			isa = PBXNativeTarget;
			buildConfigurationList = E981E5E02A80271A00A4770A /* Build configuration list for PBXNativeTarget "PokeDexUITests" */;
			buildPhases = (
				E981E5CC2A80271A00A4770A /* Sources */,
				E981E5CD2A80271A00A4770A /* Frameworks */,
				E981E5CE2A80271A00A4770A /* Resources */,
			);
			buildRules = (
			);
			dependencies = (
				E981E5D22A80271A00A4770A /* PBXTargetDependency */,
			);
			name = PokeDexUITests;
			productName = PokeDexUITests;
			productReference = E981E5D02A80271A00A4770A /* PokeDexUITests.xctest */;
			productType = "com.apple.product-type.bundle.ui-testing";
		};
/* End PBXNativeTarget section */

/* Begin PBXProject section */
		E981E5AE2A80271900A4770A /* Project object */ = {
			isa = PBXProject;
			attributes = {
				BuildIndependentTargetsInParallel = 1;
				LastSwiftUpdateCheck = 1430;
				LastUpgradeCheck = 1430;
				TargetAttributes = {
					E981E5B52A80271900A4770A = {
						CreatedOnToolsVersion = 14.3.1;
					};
					E981E5C52A80271A00A4770A = {
						CreatedOnToolsVersion = 14.3.1;
						TestTargetID = E981E5B52A80271900A4770A;
					};
					E981E5CF2A80271A00A4770A = {
						CreatedOnToolsVersion = 14.3.1;
						TestTargetID = E981E5B52A80271900A4770A;
					};
				};
			};
			buildConfigurationList = E981E5B12A80271900A4770A /* Build configuration list for PBXProject "PokeDex" */;
			compatibilityVersion = "Xcode 14.0";
			developmentRegion = en;
			hasScannedForEncodings = 0;
			knownRegions = (
				en,
				Base,
			);
			mainGroup = E981E5AD2A80271900A4770A;
			productRefGroup = E981E5B72A80271900A4770A /* Products */;
			projectDirPath = "";
			projectRoot = "";
			targets = (
				E981E5B52A80271900A4770A /* PokeDex */,
				E981E5C52A80271A00A4770A /* PokeDexTests */,
				E981E5CF2A80271A00A4770A /* PokeDexUITests */,
			);
		};
/* End PBXProject section */

/* Begin PBXResourcesBuildPhase section */
		E981E5B42A80271900A4770A /* Resources */ = {
			isa = PBXResourcesBuildPhase;
			buildActionMask = 2147483647;
			files = (
				E981E5E62A80272F00A4770A /* ExpectedView.png in Resources */,
				E981E5C12A80271A00A4770A /* Preview Assets.xcassets in Resources */,
				E981E5BE2A80271A00A4770A /* Assets.xcassets in Resources */,
				E981E5E52A80272F00A4770A /* PokeDex_Challenge in Resources */,
			);
			runOnlyForDeploymentPostprocessing = 0;
		};
		E981E5C42A80271A00A4770A /* Resources */ = {
			isa = PBXResourcesBuildPhase;
			buildActionMask = 2147483647;
			files = (
				E97C7D7B2A82968F00546798 /* realDataFile.json in Resources */,
			);
			runOnlyForDeploymentPostprocessing = 0;
		};
		E981E5CE2A80271A00A4770A /* Resources */ = {
			isa = PBXResourcesBuildPhase;
			buildActionMask = 2147483647;
			files = (
			);
			runOnlyForDeploymentPostprocessing = 0;
		};
/* End PBXResourcesBuildPhase section */

/* Begin PBXSourcesBuildPhase section */
		E981E5B22A80271900A4770A /* Sources */ = {
			isa = PBXSourcesBuildPhase;
			buildActionMask = 2147483647;
			files = (
				E981E5BC2A80271900A4770A /* ContentView.swift in Sources */,
				E981E5ED2A80283200A4770A /* PokeDexViewModel.swift in Sources */,
				E981E5EF2A80284400A4770A /* PokeDexService.swift in Sources */,
				E981E5BA2A80271900A4770A /* PokeDexApp.swift in Sources */,
				E981E5EB2A80281E00A4770A /* PokeDexResponse.swift in Sources */,
			);
			runOnlyForDeploymentPostprocessing = 0;
		};
		E981E5C22A80271A00A4770A /* Sources */ = {
			isa = PBXSourcesBuildPhase;
			buildActionMask = 2147483647;
			files = (
				E981E5CB2A80271A00A4770A /* PokeDexTests.swift in Sources */,
			);
			runOnlyForDeploymentPostprocessing = 0;
		};
		E981E5CC2A80271A00A4770A /* Sources */ = {
			isa = PBXSourcesBuildPhase;
			buildActionMask = 2147483647;
			files = (
				E981E5D52A80271A00A4770A /* PokeDexUITests.swift in Sources */,
				E981E5D72A80271A00A4770A /* PokeDexUITestsLaunchTests.swift in Sources */,
			);
			runOnlyForDeploymentPostprocessing = 0;
		};
/* End PBXSourcesBuildPhase section */

/* Begin PBXTargetDependency section */
		E981E5C82A80271A00A4770A /* PBXTargetDependency */ = {
			isa = PBXTargetDependency;
			target = E981E5B52A80271900A4770A /* PokeDex */;
			targetProxy = E981E5C72A80271A00A4770A /* PBXContainerItemProxy */;
		};
		E981E5D22A80271A00A4770A /* PBXTargetDependency */ = {
			isa = PBXTargetDependency;
			target = E981E5B52A80271900A4770A /* PokeDex */;
			targetProxy = E981E5D12A80271A00A4770A /* PBXContainerItemProxy */;
		};
/* End PBXTargetDependency section */

/* Begin XCBuildConfiguration section */
		E981E5D82A80271A00A4770A /* Debug */ = {
			isa = XCBuildConfiguration;
			buildSettings = {
				ALWAYS_SEARCH_USER_PATHS = NO;
				CLANG_ANALYZER_NONNULL = YES;
				CLANG_ANALYZER_NUMBER_OBJECT_CONVERSION = YES_AGGRESSIVE;
				CLANG_CXX_LANGUAGE_STANDARD = "gnu++20";
				CLANG_ENABLE_MODULES = YES;
				CLANG_ENABLE_OBJC_ARC = YES;
				CLANG_ENABLE_OBJC_WEAK = YES;
				CLANG_WARN_BLOCK_CAPTURE_AUTORELEASING = YES;
				CLANG_WARN_BOOL_CONVERSION = YES;
				CLANG_WARN_COMMA = YES;
				CLANG_WARN_CONSTANT_CONVERSION = YES;
				CLANG_WARN_DEPRECATED_OBJC_IMPLEMENTATIONS = YES;
				CLANG_WARN_DIRECT_OBJC_ISA_USAGE = YES_ERROR;
				CLANG_WARN_DOCUMENTATION_COMMENTS = YES;
				CLANG_WARN_EMPTY_BODY = YES;
				CLANG_WARN_ENUM_CONVERSION = YES;
				CLANG_WARN_INFINITE_RECURSION = YES;
				CLANG_WARN_INT_CONVERSION = YES;
				CLANG_WARN_NON_LITERAL_NULL_CONVERSION = YES;
				CLANG_WARN_OBJC_IMPLICIT_RETAIN_SELF = YES;
				CLANG_WARN_OBJC_LITERAL_CONVERSION = YES;
				CLANG_WARN_OBJC_ROOT_CLASS = YES_ERROR;
				CLANG_WARN_QUOTED_INCLUDE_IN_FRAMEWORK_HEADER = YES;
				CLANG_WARN_RANGE_LOOP_ANALYSIS = YES;
				CLANG_WARN_STRICT_PROTOTYPES = YES;
				CLANG_WARN_SUSPICIOUS_MOVE = YES;
				CLANG_WARN_UNGUARDED_AVAILABILITY = YES_AGGRESSIVE;
				CLANG_WARN_UNREACHABLE_CODE = YES;
				CLANG_WARN__DUPLICATE_METHOD_MATCH = YES;
				COPY_PHASE_STRIP = NO;
				DEBUG_INFORMATION_FORMAT = dwarf;
				ENABLE_STRICT_OBJC_MSGSEND = YES;
				ENABLE_TESTABILITY = YES;
				GCC_C_LANGUAGE_STANDARD = gnu11;
				GCC_DYNAMIC_NO_PIC = NO;
				GCC_NO_COMMON_BLOCKS = YES;
				GCC_OPTIMIZATION_LEVEL = 0;
				GCC_PREPROCESSOR_DEFINITIONS = (
					"DEBUG=1",
					"$(inherited)",
				);
				GCC_WARN_64_TO_32_BIT_CONVERSION = YES;
				GCC_WARN_ABOUT_RETURN_TYPE = YES_ERROR;
				GCC_WARN_UNDECLARED_SELECTOR = YES;
				GCC_WARN_UNINITIALIZED_AUTOS = YES_AGGRESSIVE;
				GCC_WARN_UNUSED_FUNCTION = YES;
				GCC_WARN_UNUSED_VARIABLE = YES;
				IPHONEOS_DEPLOYMENT_TARGET = 16.4;
				MTL_ENABLE_DEBUG_INFO = INCLUDE_SOURCE;
				MTL_FAST_MATH = YES;
				ONLY_ACTIVE_ARCH = YES;
				SDKROOT = iphoneos;
				SWIFT_ACTIVE_COMPILATION_CONDITIONS = DEBUG;
				SWIFT_OPTIMIZATION_LEVEL = "-Onone";
			};
			name = Debug;
		};
		E981E5D92A80271A00A4770A /* Release */ = {
			isa = XCBuildConfiguration;
			buildSettings = {
				ALWAYS_SEARCH_USER_PATHS = NO;
				CLANG_ANALYZER_NONNULL = YES;
				CLANG_ANALYZER_NUMBER_OBJECT_CONVERSION = YES_AGGRESSIVE;
				CLANG_CXX_LANGUAGE_STANDARD = "gnu++20";
				CLANG_ENABLE_MODULES = YES;
				CLANG_ENABLE_OBJC_ARC = YES;
				CLANG_ENABLE_OBJC_WEAK = YES;
				CLANG_WARN_BLOCK_CAPTURE_AUTORELEASING = YES;
				CLANG_WARN_BOOL_CONVERSION = YES;
				CLANG_WARN_COMMA = YES;
				CLANG_WARN_CONSTANT_CONVERSION = YES;
				CLANG_WARN_DEPRECATED_OBJC_IMPLEMENTATIONS = YES;
				CLANG_WARN_DIRECT_OBJC_ISA_USAGE = YES_ERROR;
				CLANG_WARN_DOCUMENTATION_COMMENTS = YES;
				CLANG_WARN_EMPTY_BODY = YES;
				CLANG_WARN_ENUM_CONVERSION = YES;
				CLANG_WARN_INFINITE_RECURSION = YES;
				CLANG_WARN_INT_CONVERSION = YES;
				CLANG_WARN_NON_LITERAL_NULL_CONVERSION = YES;
				CLANG_WARN_OBJC_IMPLICIT_RETAIN_SELF = YES;
				CLANG_WARN_OBJC_LITERAL_CONVERSION = YES;
				CLANG_WARN_OBJC_ROOT_CLASS = YES_ERROR;
				CLANG_WARN_QUOTED_INCLUDE_IN_FRAMEWORK_HEADER = YES;
				CLANG_WARN_RANGE_LOOP_ANALYSIS = YES;
				CLANG_WARN_STRICT_PROTOTYPES = YES;
				CLANG_WARN_SUSPICIOUS_MOVE = YES;
				CLANG_WARN_UNGUARDED_AVAILABILITY = YES_AGGRESSIVE;
				CLANG_WARN_UNREACHABLE_CODE = YES;
				CLANG_WARN__DUPLICATE_METHOD_MATCH = YES;
				COPY_PHASE_STRIP = NO;
				DEBUG_INFORMATION_FORMAT = "dwarf-with-dsym";
				ENABLE_NS_ASSERTIONS = NO;
				ENABLE_STRICT_OBJC_MSGSEND = YES;
				GCC_C_LANGUAGE_STANDARD = gnu11;
				GCC_NO_COMMON_BLOCKS = YES;
				GCC_WARN_64_TO_32_BIT_CONVERSION = YES;
				GCC_WARN_ABOUT_RETURN_TYPE = YES_ERROR;
				GCC_WARN_UNDECLARED_SELECTOR = YES;
				GCC_WARN_UNINITIALIZED_AUTOS = YES_AGGRESSIVE;
				GCC_WARN_UNUSED_FUNCTION = YES;
				GCC_WARN_UNUSED_VARIABLE = YES;
				IPHONEOS_DEPLOYMENT_TARGET = 16.4;
				MTL_ENABLE_DEBUG_INFO = NO;
				MTL_FAST_MATH = YES;
				SDKROOT = iphoneos;
				SWIFT_COMPILATION_MODE = wholemodule;
				SWIFT_OPTIMIZATION_LEVEL = "-O";
				VALIDATE_PRODUCT = YES;
			};
			name = Release;
		};
		E981E5DB2A80271A00A4770A /* Debug */ = {
			isa = XCBuildConfiguration;
			buildSettings = {
				ASSETCATALOG_COMPILER_APPICON_NAME = AppIcon;
				ASSETCATALOG_COMPILER_GLOBAL_ACCENT_COLOR_NAME = AccentColor;
				CODE_SIGN_STYLE = Automatic;
				CURRENT_PROJECT_VERSION = 1;
				DEVELOPMENT_ASSET_PATHS = "\"PokeDex/Preview Content\"";
				DEVELOPMENT_TEAM = G9Z86K3593;
				ENABLE_PREVIEWS = YES;
				GENERATE_INFOPLIST_FILE = YES;
				INFOPLIST_KEY_UIApplicationSceneManifest_Generation = YES;
				INFOPLIST_KEY_UIApplicationSupportsIndirectInputEvents = YES;
				INFOPLIST_KEY_UILaunchScreen_Generation = YES;
				INFOPLIST_KEY_UISupportedInterfaceOrientations_iPad = "UIInterfaceOrientationPortrait UIInterfaceOrientationPortraitUpsideDown UIInterfaceOrientationLandscapeLeft UIInterfaceOrientationLandscapeRight";
				INFOPLIST_KEY_UISupportedInterfaceOrientations_iPhone = "UIInterfaceOrientationPortrait UIInterfaceOrientationLandscapeLeft UIInterfaceOrientationLandscapeRight";
				LD_RUNPATH_SEARCH_PATHS = (
					"$(inherited)",
					"@executable_path/Frameworks",
				);
				MARKETING_VERSION = 1.0;
				PRODUCT_BUNDLE_IDENTIFIER = "Syed-Raza.PokeDex";
				PRODUCT_NAME = "$(TARGET_NAME)";
				SWIFT_EMIT_LOC_STRINGS = YES;
				SWIFT_VERSION = 5.0;
				TARGETED_DEVICE_FAMILY = "1,2";
			};
			name = Debug;
		};
		E981E5DC2A80271A00A4770A /* Release */ = {
			isa = XCBuildConfiguration;
			buildSettings = {
				ASSETCATALOG_COMPILER_APPICON_NAME = AppIcon;
				ASSETCATALOG_COMPILER_GLOBAL_ACCENT_COLOR_NAME = AccentColor;
				CODE_SIGN_STYLE = Automatic;
				CURRENT_PROJECT_VERSION = 1;
				DEVELOPMENT_ASSET_PATHS = "\"PokeDex/Preview Content\"";
				DEVELOPMENT_TEAM = G9Z86K3593;
				ENABLE_PREVIEWS = YES;
				GENERATE_INFOPLIST_FILE = YES;
				INFOPLIST_KEY_UIApplicationSceneManifest_Generation = YES;
				INFOPLIST_KEY_UIApplicationSupportsIndirectInputEvents = YES;
				INFOPLIST_KEY_UILaunchScreen_Generation = YES;
				INFOPLIST_KEY_UISupportedInterfaceOrientations_iPad = "UIInterfaceOrientationPortrait UIInterfaceOrientationPortraitUpsideDown UIInterfaceOrientationLandscapeLeft UIInterfaceOrientationLandscapeRight";
				INFOPLIST_KEY_UISupportedInterfaceOrientations_iPhone = "UIInterfaceOrientationPortrait UIInterfaceOrientationLandscapeLeft UIInterfaceOrientationLandscapeRight";
				LD_RUNPATH_SEARCH_PATHS = (
					"$(inherited)",
					"@executable_path/Frameworks",
				);
				MARKETING_VERSION = 1.0;
				PRODUCT_BUNDLE_IDENTIFIER = "Syed-Raza.PokeDex";
				PRODUCT_NAME = "$(TARGET_NAME)";
				SWIFT_EMIT_LOC_STRINGS = YES;
				SWIFT_VERSION = 5.0;
				TARGETED_DEVICE_FAMILY = "1,2";
			};
			name = Release;
		};
		E981E5DE2A80271A00A4770A /* Debug */ = {
			isa = XCBuildConfiguration;
			buildSettings = {
				ALWAYS_EMBED_SWIFT_STANDARD_LIBRARIES = YES;
				BUNDLE_LOADER = "$(TEST_HOST)";
				CODE_SIGN_STYLE = Automatic;
				CURRENT_PROJECT_VERSION = 1;
				DEVELOPMENT_TEAM = G9Z86K3593;
				GENERATE_INFOPLIST_FILE = YES;
				IPHONEOS_DEPLOYMENT_TARGET = 16.4;
				MARKETING_VERSION = 1.0;
				PRODUCT_BUNDLE_IDENTIFIER = "Syed-Raza.PokeDexTests";
				PRODUCT_NAME = "$(TARGET_NAME)";
				SWIFT_EMIT_LOC_STRINGS = NO;
				SWIFT_VERSION = 5.0;
				TARGETED_DEVICE_FAMILY = "1,2";
				TEST_HOST = "$(BUILT_PRODUCTS_DIR)/PokeDex.app/$(BUNDLE_EXECUTABLE_FOLDER_PATH)/PokeDex";
			};
			name = Debug;
		};
		E981E5DF2A80271A00A4770A /* Release */ = {
			isa = XCBuildConfiguration;
			buildSettings = {
				ALWAYS_EMBED_SWIFT_STANDARD_LIBRARIES = YES;
				BUNDLE_LOADER = "$(TEST_HOST)";
				CODE_SIGN_STYLE = Automatic;
				CURRENT_PROJECT_VERSION = 1;
				DEVELOPMENT_TEAM = G9Z86K3593;
				GENERATE_INFOPLIST_FILE = YES;
				IPHONEOS_DEPLOYMENT_TARGET = 16.4;
				MARKETING_VERSION = 1.0;
				PRODUCT_BUNDLE_IDENTIFIER = "Syed-Raza.PokeDexTests";
				PRODUCT_NAME = "$(TARGET_NAME)";
				SWIFT_EMIT_LOC_STRINGS = NO;
				SWIFT_VERSION = 5.0;
				TARGETED_DEVICE_FAMILY = "1,2";
				TEST_HOST = "$(BUILT_PRODUCTS_DIR)/PokeDex.app/$(BUNDLE_EXECUTABLE_FOLDER_PATH)/PokeDex";
			};
			name = Release;
		};
		E981E5E12A80271A00A4770A /* Debug */ = {
			isa = XCBuildConfiguration;
			buildSettings = {
				ALWAYS_EMBED_SWIFT_STANDARD_LIBRARIES = YES;
				CODE_SIGN_STYLE = Automatic;
				CURRENT_PROJECT_VERSION = 1;
				DEVELOPMENT_TEAM = G9Z86K3593;
				GENERATE_INFOPLIST_FILE = YES;
				MARKETING_VERSION = 1.0;
				PRODUCT_BUNDLE_IDENTIFIER = "Syed-Raza.PokeDexUITests";
				PRODUCT_NAME = "$(TARGET_NAME)";
				SWIFT_EMIT_LOC_STRINGS = NO;
				SWIFT_VERSION = 5.0;
				TARGETED_DEVICE_FAMILY = "1,2";
				TEST_TARGET_NAME = PokeDex;
			};
			name = Debug;
		};
		E981E5E22A80271A00A4770A /* Release */ = {
			isa = XCBuildConfiguration;
			buildSettings = {
				ALWAYS_EMBED_SWIFT_STANDARD_LIBRARIES = YES;
				CODE_SIGN_STYLE = Automatic;
				CURRENT_PROJECT_VERSION = 1;
				DEVELOPMENT_TEAM = G9Z86K3593;
				GENERATE_INFOPLIST_FILE = YES;
				MARKETING_VERSION = 1.0;
				PRODUCT_BUNDLE_IDENTIFIER = "Syed-Raza.PokeDexUITests";
				PRODUCT_NAME = "$(TARGET_NAME)";
				SWIFT_EMIT_LOC_STRINGS = NO;
				SWIFT_VERSION = 5.0;
				TARGETED_DEVICE_FAMILY = "1,2";
				TEST_TARGET_NAME = PokeDex;
			};
			name = Release;
		};
/* End XCBuildConfiguration section */

/* Begin XCConfigurationList section */
		E981E5B12A80271900A4770A /* Build configuration list for PBXProject "PokeDex" */ = {
			isa = XCConfigurationList;
			buildConfigurations = (
				E981E5D82A80271A00A4770A /* Debug */,
				E981E5D92A80271A00A4770A /* Release */,
			);
			defaultConfigurationIsVisible = 0;
			defaultConfigurationName = Release;
		};
		E981E5DA2A80271A00A4770A /* Build configuration list for PBXNativeTarget "PokeDex" */ = {
			isa = XCConfigurationList;
			buildConfigurations = (
				E981E5DB2A80271A00A4770A /* Debug */,
				E981E5DC2A80271A00A4770A /* Release */,
			);
			defaultConfigurationIsVisible = 0;
			defaultConfigurationName = Release;
		};
		E981E5DD2A80271A00A4770A /* Build configuration list for PBXNativeTarget "PokeDexTests" */ = {
			isa = XCConfigurationList;
			buildConfigurations = (
				E981E5DE2A80271A00A4770A /* Debug */,
				E981E5DF2A80271A00A4770A /* Release */,
			);
			defaultConfigurationIsVisible = 0;
			defaultConfigurationName = Release;
		};
		E981E5E02A80271A00A4770A /* Build configuration list for PBXNativeTarget "PokeDexUITests" */ = {
			isa = XCConfigurationList;
			buildConfigurations = (
				E981E5E12A80271A00A4770A /* Debug */,
				E981E5E22A80271A00A4770A /* Release */,
			);
			defaultConfigurationIsVisible = 0;
			defaultConfigurationName = Release;
		};
/* End XCConfigurationList section */
	};
	rootObject = E981E5AE2A80271900A4770A /* Project object */;
}
